// !$*UTF8*$!
{
	archiveVersion = 1;
	classes = {
	};
	objectVersion = 50;
	objects = {

/* Begin PBXBuildFile section */
		DFA1A26E212DFBFA001D6E8F /* AppDelegate.swift in Sources */ = {isa = PBXBuildFile; fileRef = DFA1A26D212DFBFA001D6E8F /* AppDelegate.swift */; };
		DFA1A270212DFBFA001D6E8F /* ViewController.swift in Sources */ = {isa = PBXBuildFile; fileRef = DFA1A26F212DFBFA001D6E8F /* ViewController.swift */; };
		DFA1A273212DFBFA001D6E8F /* Main.storyboard in Resources */ = {isa = PBXBuildFile; fileRef = DFA1A271212DFBFA001D6E8F /* Main.storyboard */; };
		DFA1A275212DFBFD001D6E8F /* Assets.xcassets in Resources */ = {isa = PBXBuildFile; fileRef = DFA1A274212DFBFD001D6E8F /* Assets.xcassets */; };
		DFA1A278212DFBFD001D6E8F /* LaunchScreen.storyboard in Resources */ = {isa = PBXBuildFile; fileRef = DFA1A276212DFBFD001D6E8F /* LaunchScreen.storyboard */; };
		DFA1A280212E032A001D6E8F /* DrawView.swift in Sources */ = {isa = PBXBuildFile; fileRef = DFA1A27F212E032A001D6E8F /* DrawView.swift */; };
		DFA1A282212E0F68001D6E8F /* MansurCanMNISTClassifier.mlmodel in Sources */ = {isa = PBXBuildFile; fileRef = DFA1A281212E0F68001D6E8F /* MansurCanMNISTClassifier.mlmodel */; };
/* End PBXBuildFile section */

/* Begin PBXFileReference section */
		DFA1A26A212DFBFA001D6E8F /* MScProject.app */ = {isa = PBXFileReference; explicitFileType = wrapper.application; includeInIndex = 0; path = MScProject.app; sourceTree = BUILT_PRODUCTS_DIR; };
		DFA1A26D212DFBFA001D6E8F /* AppDelegate.swift */ = {isa = PBXFileReference; lastKnownFileType = sourcecode.swift; path = AppDelegate.swift; sourceTree = "<group>"; };
		DFA1A26F212DFBFA001D6E8F /* ViewController.swift */ = {isa = PBXFileReference; lastKnownFileType = sourcecode.swift; path = ViewController.swift; sourceTree = "<group>"; };
		DFA1A272212DFBFA001D6E8F /* Base */ = {isa = PBXFileReference; lastKnownFileType = file.storyboard; name = Base; path = Base.lproj/Main.storyboard; sourceTree = "<group>"; };
		DFA1A274212DFBFD001D6E8F /* Assets.xcassets */ = {isa = PBXFileReference; lastKnownFileType = folder.assetcatalog; path = Assets.xcassets; sourceTree = "<group>"; };
		DFA1A277212DFBFD001D6E8F /* Base */ = {isa = PBXFileReference; lastKnownFileType = file.storyboard; name = Base; path = Base.lproj/LaunchScreen.storyboard; sourceTree = "<group>"; };
		DFA1A279212DFBFD001D6E8F /* Info.plist */ = {isa = PBXFileReference; lastKnownFileType = text.plist.xml; path = Info.plist; sourceTree = "<group>"; };
		DFA1A27F212E032A001D6E8F /* DrawView.swift */ = {isa = PBXFileReference; lastKnownFileType = sourcecode.swift; path = DrawView.swift; sourceTree = "<group>"; };
		DFA1A281212E0F68001D6E8F /* MansurCanMNISTClassifier.mlmodel */ = {isa = PBXFileReference; lastKnownFileType = file.mlmodel; path = MansurCanMNISTClassifier.mlmodel; sourceTree = "<group>"; };
		DFFC51462142EB4200F9D08C /* MScProject.entitlements */ = {isa = PBXFileReference; lastKnownFileType = text.plist.entitlements; path = MScProject.entitlements; sourceTree = "<group>"; };
/* End PBXFileReference section */

/* Begin PBXFrameworksBuildPhase section */
		DFA1A267212DFBFA001D6E8F /* Frameworks */ = {
			isa = PBXFrameworksBuildPhase;
			buildActionMask = 2147483647;
			files = (
			);
			runOnlyForDeploymentPostprocessing = 0;
		};
/* End PBXFrameworksBuildPhase section */

/* Begin PBXGroup section */
		DFA1A261212DFBFA001D6E8F = {
			isa = PBXGroup;
			children = (
				DFA1A26C212DFBFA001D6E8F /* MScProject */,
				DFA1A26B212DFBFA001D6E8F /* Products */,
			);
			sourceTree = "<group>";
		};
		DFA1A26B212DFBFA001D6E8F /* Products */ = {
			isa = PBXGroup;
			children = (
				DFA1A26A212DFBFA001D6E8F /* MScProject.app */,
			);
			name = Products;
			sourceTree = "<group>";
		};
		DFA1A26C212DFBFA001D6E8F /* MScProject */ = {
			isa = PBXGroup;
			children = (
				DFFC51462142EB4200F9D08C /* MScProject.entitlements */,
				DFA1A26D212DFBFA001D6E8F /* AppDelegate.swift */,
				DFA1A281212E0F68001D6E8F /* MansurCanMNISTClassifier.mlmodel */,
				DFA1A26F212DFBFA001D6E8F /* ViewController.swift */,
				DFA1A27F212E032A001D6E8F /* DrawView.swift */,
				DFA1A271212DFBFA001D6E8F /* Main.storyboard */,
				DFA1A274212DFBFD001D6E8F /* Assets.xcassets */,
				DFA1A276212DFBFD001D6E8F /* LaunchScreen.storyboard */,
				DFA1A279212DFBFD001D6E8F /* Info.plist */,
			);
			path = MScProject;
			sourceTree = "<group>";
		};
/* End PBXGroup section */

/* Begin PBXNativeTarget section */
		DFA1A269212DFBFA001D6E8F /* MScProject */ = {
			isa = PBXNativeTarget;
			buildConfigurationList = DFA1A27C212DFBFD001D6E8F /* Build configuration list for PBXNativeTarget "MScProject" */;
			buildPhases = (
				DFA1A266212DFBFA001D6E8F /* Sources */,
				DFA1A267212DFBFA001D6E8F /* Frameworks */,
				DFA1A268212DFBFA001D6E8F /* Resources */,
			);
			buildRules = (
			);
			dependencies = (
			);
			name = MScProject;
			productName = MScProject;
			productReference = DFA1A26A212DFBFA001D6E8F /* MScProject.app */;
			productType = "com.apple.product-type.application";
		};
/* End PBXNativeTarget section */

/* Begin PBXProject section */
		DFA1A262212DFBFA001D6E8F /* Project object */ = {
			isa = PBXProject;
			attributes = {
				LastSwiftUpdateCheck = 0940;
				LastUpgradeCheck = 0940;
				ORGANIZATIONNAME = "Mansur Can";
				TargetAttributes = {
					DFA1A269212DFBFA001D6E8F = {
						CreatedOnToolsVersion = 9.4.1;
						LastSwiftMigration = 1010;
						SystemCapabilities = {
							com.apple.Keychain = {
								enabled = 0;
							};
						};
					};
				};
			};
			buildConfigurationList = DFA1A265212DFBFA001D6E8F /* Build configuration list for PBXProject "MScProject" */;
			compatibilityVersion = "Xcode 9.3";
			developmentRegion = en;
			hasScannedForEncodings = 0;
			knownRegions = (
				en,
				Base,
			);
			mainGroup = DFA1A261212DFBFA001D6E8F;
			productRefGroup = DFA1A26B212DFBFA001D6E8F /* Products */;
			projectDirPath = "";
			projectRoot = "";
			targets = (
				DFA1A269212DFBFA001D6E8F /* MScProject */,
			);
		};
/* End PBXProject section */

/* Begin PBXResourcesBuildPhase section */
		DFA1A268212DFBFA001D6E8F /* Resources */ = {
			isa = PBXResourcesBuildPhase;
			buildActionMask = 2147483647;
			files = (
				DFA1A278212DFBFD001D6E8F /* LaunchScreen.storyboard in Resources */,
				DFA1A275212DFBFD001D6E8F /* Assets.xcassets in Resources */,
				DFA1A273212DFBFA001D6E8F /* Main.storyboard in Resources */,
			);
			runOnlyForDeploymentPostprocessing = 0;
		};
/* End PBXResourcesBuildPhase section */

/* Begin PBXSourcesBuildPhase section */
		DFA1A266212DFBFA001D6E8F /* Sources */ = {
			isa = PBXSourcesBuildPhase;
			buildActionMask = 2147483647;
			files = (
				DFA1A282212E0F68001D6E8F /* MansurCanMNISTClassifier.mlmodel in Sources */,
				DFA1A270212DFBFA001D6E8F /* ViewController.swift in Sources */,
				DFA1A26E212DFBFA001D6E8F /* AppDelegate.swift in Sources */,
				DFA1A280212E032A001D6E8F /* DrawView.swift in Sources */,
			);
			runOnlyForDeploymentPostprocessing = 0;
		};
/* End PBXSourcesBuildPhase section */

/* Begin PBXVariantGroup section */
		DFA1A271212DFBFA001D6E8F /* Main.storyboard */ = {
			isa = PBXVariantGroup;
			children = (
				DFA1A272212DFBFA001D6E8F /* Base */,
			);
			name = Main.storyboard;
			sourceTree = "<group>";
		};
		DFA1A276212DFBFD001D6E8F /* LaunchScreen.storyboard */ = {
			isa = PBXVariantGroup;
			children = (
				DFA1A277212DFBFD001D6E8F /* Base */,
			);
			name = LaunchScreen.storyboard;
			sourceTree = "<group>";
		};
/* End PBXVariantGroup section */

/* Begin XCBuildConfiguration section */
		DFA1A27A212DFBFD001D6E8F /* Debug */ = {
			isa = XCBuildConfiguration;
			buildSettings = {
				ALWAYS_SEARCH_USER_PATHS = NO;
				CLANG_ANALYZER_NONNULL = YES;
				CLANG_ANALYZER_NUMBER_OBJECT_CONVERSION = YES_AGGRESSIVE;
				CLANG_CXX_LANGUAGE_STANDARD = "gnu++14";
				CLANG_CXX_LIBRARY = "libc++";
				CLANG_ENABLE_MODULES = YES;
				CLANG_ENABLE_OBJC_ARC = YES;
				CLANG_ENABLE_OBJC_WEAK = YES;
				CLANG_WARN_BLOCK_CAPTURE_AUTORELEASING = YES;
				CLANG_WARN_BOOL_CONVERSION = YES;
				CLANG_WARN_COMMA = YES;
				CLANG_WARN_CONSTANT_CONVERSION = YES;
				CLANG_WARN_DEPRECATED_OBJC_IMPLEMENTATIONS = YES;
				CLANG_WARN_DIRECT_OBJC_ISA_USAGE = YES_ERROR;
				CLANG_WARN_DOCUMENTATION_COMMENTS = YES;
				CLANG_WARN_EMPTY_BODY = YES;
				CLANG_WARN_ENUM_CONVERSION = YES;
				CLANG_WARN_INFINITE_RECURSION = YES;
				CLANG_WARN_INT_CONVERSION = YES;
				CLANG_WARN_NON_LITERAL_NULL_CONVERSION = YES;
				CLANG_WARN_OBJC_IMPLICIT_RETAIN_SELF = YES;
				CLANG_WARN_OBJC_LITERAL_CONVERSION = YES;
				CLANG_WARN_OBJC_ROOT_CLASS = YES_ERROR;
				CLANG_WARN_RANGE_LOOP_ANALYSIS = YES;
				CLANG_WARN_STRICT_PROTOTYPES = YES;
				CLANG_WARN_SUSPICIOUS_MOVE = YES;
				CLANG_WARN_UNGUARDED_AVAILABILITY = YES_AGGRESSIVE;
				CLANG_WARN_UNREACHABLE_CODE = YES;
				CLANG_WARN__DUPLICATE_METHOD_MATCH = YES;
				CODE_SIGN_IDENTITY = "iPhone Developer";
				COPY_PHASE_STRIP = NO;
				DEBUG_INFORMATION_FORMAT = dwarf;
				ENABLE_STRICT_OBJC_MSGSEND = YES;
				ENABLE_TESTABILITY = YES;
				GCC_C_LANGUAGE_STANDARD = gnu11;
				GCC_DYNAMIC_NO_PIC = NO;
				GCC_NO_COMMON_BLOCKS = YES;
				GCC_OPTIMIZATION_LEVEL = 0;
				GCC_PREPROCESSOR_DEFINITIONS = (
					"DEBUG=1",
					"$(inherited)",
				);
				GCC_WARN_64_TO_32_BIT_CONVERSION = YES;
				GCC_WARN_ABOUT_RETURN_TYPE = YES_ERROR;
				GCC_WARN_UNDECLARED_SELECTOR = YES;
				GCC_WARN_UNINITIALIZED_AUTOS = YES_AGGRESSIVE;
				GCC_WARN_UNUSED_FUNCTION = YES;
				GCC_WARN_UNUSED_VARIABLE = YES;
				IPHONEOS_DEPLOYMENT_TARGET = 11.4;
				MTL_ENABLE_DEBUG_INFO = YES;
				ONLY_ACTIVE_ARCH = YES;
				SDKROOT = iphoneos;
				SWIFT_ACTIVE_COMPILATION_CONDITIONS = DEBUG;
				SWIFT_OPTIMIZATION_LEVEL = "-Onone";
			};
			name = Debug;
		};
		DFA1A27B212DFBFD001D6E8F /* Release */ = {
			isa = XCBuildConfiguration;
			buildSettings = {
				ALWAYS_SEARCH_USER_PATHS = NO;
				CLANG_ANALYZER_NONNULL = YES;
				CLANG_ANALYZER_NUMBER_OBJECT_CONVERSION = YES_AGGRESSIVE;
				CLANG_CXX_LANGUAGE_STANDARD = "gnu++14";
				CLANG_CXX_LIBRARY = "libc++";
				CLANG_ENABLE_MODULES = YES;
				CLANG_ENABLE_OBJC_ARC = YES;
				CLANG_ENABLE_OBJC_WEAK = YES;
				CLANG_WARN_BLOCK_CAPTURE_AUTORELEASING = YES;
				CLANG_WARN_BOOL_CONVERSION = YES;
				CLANG_WARN_COMMA = YES;
				CLANG_WARN_CONSTANT_CONVERSION = YES;
				CLANG_WARN_DEPRECATED_OBJC_IMPLEMENTATIONS = YES;
				CLANG_WARN_DIRECT_OBJC_ISA_USAGE = YES_ERROR;
				CLANG_WARN_DOCUMENTATION_COMMENTS = YES;
				CLANG_WARN_EMPTY_BODY = YES;
				CLANG_WARN_ENUM_CONVERSION = YES;
				CLANG_WARN_INFINITE_RECURSION = YES;
				CLANG_WARN_INT_CONVERSION = YES;
				CLANG_WARN_NON_LITERAL_NULL_CONVERSION = YES;
				CLANG_WARN_OBJC_IMPLICIT_RETAIN_SELF = YES;
				CLANG_WARN_OBJC_LITERAL_CONVERSION = YES;
				CLANG_WARN_OBJC_ROOT_CLASS = YES_ERROR;
				CLANG_WARN_RANGE_LOOP_ANALYSIS = YES;
				CLANG_WARN_STRICT_PROTOTYPES = YES;
				CLANG_WARN_SUSPICIOUS_MOVE = YES;
				CLANG_WARN_UNGUARDED_AVAILABILITY = YES_AGGRESSIVE;
				CLANG_WARN_UNREACHABLE_CODE = YES;
				CLANG_WARN__DUPLICATE_METHOD_MATCH = YES;
				CODE_SIGN_IDENTITY = "iPhone Developer";
				COPY_PHASE_STRIP = NO;
				DEBUG_INFORMATION_FORMAT = "dwarf-with-dsym";
				ENABLE_NS_ASSERTIONS = NO;
				ENABLE_STRICT_OBJC_MSGSEND = YES;
				GCC_C_LANGUAGE_STANDARD = gnu11;
				GCC_NO_COMMON_BLOCKS = YES;
				GCC_WARN_64_TO_32_BIT_CONVERSION = YES;
				GCC_WARN_ABOUT_RETURN_TYPE = YES_ERROR;
				GCC_WARN_UNDECLARED_SELECTOR = YES;
				GCC_WARN_UNINITIALIZED_AUTOS = YES_AGGRESSIVE;
				GCC_WARN_UNUSED_FUNCTION = YES;
				GCC_WARN_UNUSED_VARIABLE = YES;
				IPHONEOS_DEPLOYMENT_TARGET = 11.4;
				MTL_ENABLE_DEBUG_INFO = NO;
				SDKROOT = iphoneos;
				SWIFT_COMPILATION_MODE = wholemodule;
				SWIFT_OPTIMIZATION_LEVEL = "-O";
				VALIDATE_PRODUCT = YES;
			};
			name = Release;
		};
		DFA1A27D212DFBFD001D6E8F /* Debug */ = {
			isa = XCBuildConfiguration;
			buildSettings = {
				ASSETCATALOG_COMPILER_APPICON_NAME = AppIcon;
				CODE_SIGN_STYLE = Automatic;
				DEVELOPMENT_TEAM = 76ZH68G7U6;
				INFOPLIST_FILE = MScProject/Info.plist;
				LD_RUNPATH_SEARCH_PATHS = (
					"$(inherited)",
					"@executable_path/Frameworks",
				);
				PRODUCT_BUNDLE_IDENTIFIER = MansurCan.MScProject;
				PRODUCT_NAME = "$(TARGET_NAME)";
				SWIFT_VERSION = 4.2;
				TARGETED_DEVICE_FAMILY = 1;
			};
			name = Debug;
		};
		DFA1A27E212DFBFD001D6E8F /* Release */ = {
			isa = XCBuildConfiguration;
			buildSettings = {
				ASSETCATALOG_COMPILER_APPICON_NAME = AppIcon;
				CODE_SIGN_STYLE = Automatic;
				DEVELOPMENT_TEAM = 76ZH68G7U6;
				INFOPLIST_FILE = MScProject/Info.plist;
				LD_RUNPATH_SEARCH_PATHS = (
					"$(inherited)",
					"@executable_path/Frameworks",
				);
				PRODUCT_BUNDLE_IDENTIFIER = MansurCan.MScProject;
				PRODUCT_NAME = "$(TARGET_NAME)";
				SWIFT_VERSION = 4.2;
				TARGETED_DEVICE_FAMILY = 1;
			};
			name = Release;
		};
/* End XCBuildConfiguration section */

/* Begin XCConfigurationList section */
		DFA1A265212DFBFA001D6E8F /* Build configuration list for PBXProject "MScProject" */ = {
			isa = XCConfigurationList;
			buildConfigurations = (
				DFA1A27A212DFBFD001D6E8F /* Debug */,
				DFA1A27B212DFBFD001D6E8F /* Release */,
			);
			defaultConfigurationIsVisible = 0;
			defaultConfigurationName = Release;
		};
		DFA1A27C212DFBFD001D6E8F /* Build configuration list for PBXNativeTarget "MScProject" */ = {
			isa = XCConfigurationList;
			buildConfigurations = (
				DFA1A27D212DFBFD001D6E8F /* Debug */,
				DFA1A27E212DFBFD001D6E8F /* Release */,
			);
			defaultConfigurationIsVisible = 0;
			defaultConfigurationName = Release;
		};
/* End XCConfigurationList section */
	};
	rootObject = DFA1A262212DFBFA001D6E8F /* Project object */;
}
